# This file is automatically @generated by Cargo.
# It is not intended for manual editing.
version = 4

[[package]]
name = "day11"
version = "0.1.0"
dependencies = [
 "intmap",
]

[[package]]
name = "intmap"
version = "3.0.0"
source = "registry+https://github.com/rust-lang/crates.io-index"
checksum = "d5060f612722cfc63eb553c33984067081a56f3053bf41ed1fdb6defa37986a7"
